
Microsoft Visual Studio Solution File, Format Version 12.00
Project("{FAE04EC0-301F-11D3-BF4B-00C04F79EFBC}") = "Translate", "Translate\Translate.csproj", "{0F32EBF2-DEA0-4555-984C-1ED6F23AE86C}"
EndProject
Global
	GlobalSection(SolutionConfigurationPlatforms) = preSolution
		Debug|Any CPU = Debug|Any CPU
		Release|Any CPU = Release|Any CPU
	EndGlobalSection
	GlobalSection(ProjectConfigurationPlatforms) = postSolution
		{0F32EBF2-DEA0-4555-984C-1ED6F23AE86C}.Debug|Any CPU.ActiveCfg = Debug|Any CPU
		{0F32EBF2-DEA0-4555-984C-1ED6F23AE86C}.Debug|Any CPU.Build.0 = Debug|Any CPU
		{0F32EBF2-DEA0-4555-984C-1ED6F23AE86C}.Release|Any CPU.ActiveCfg = Release|Any CPU
		{0F32EBF2-DEA0-4555-984C-1ED6F23AE86C}.Release|Any CPU.Build.0 = Release|Any CPU
	EndGlobalSection
EndGlobal
